
Microsoft Visual Studio Solution File, Format Version 12.00
# Visual Studio Version 17
VisualStudioVersion = 17.0.31903.59
MinimumVisualStudioVersion = 10.0.40219.1
Project("{2150E333-8FDC-42A3-9474-1A3956D46DE8}") = "src", "src", "{827E0CD3-B72D-47B6-A68D-7590B98EB39B}"
EndProject
Project("{FAE04EC0-301F-11D3-BF4B-00C04F79EFBC}") = "HeadphoneControl", "src\HeadphoneControl\HeadphoneControl.csproj", "{39865FE5-3083-41BE-97E9-1D75CE5C9F37}"
EndProject
Project("{2150E333-8FDC-42A3-9474-1A3956D46DE8}") = "tests", "tests", "{0AB3BF05-4346-4AA6-1389-037BE0695223}"
EndProject
Project("{FAE04EC0-301F-11D3-BF4B-00C04F79EFBC}") = "HeadphoneControl.Tests", "tests\HeadphoneControl.Tests\HeadphoneControl.Tests.csproj", "{C23D2A39-14CB-4A1B-B961-312D5E157907}"
EndProject
Project("{FAE04EC0-301F-11D3-BF4B-00C04F79EFBC}") = "HeadphoneControl.Core", "src\HeadphoneControl.Core\HeadphoneControl.Core.csproj", "{2D483BC6-E3E9-4020-8041-B5A9A9179613}"
EndProject
Project("{FAE04EC0-301F-11D3-BF4B-00C04F79EFBC}") = "HeadphoneControl.Platform.Windows", "src\HeadphoneControl.Platform.Windows\HeadphoneControl.Platform.Windows.csproj", "{4BAACAD5-F74B-4A76-AE6E-461407A9727D}"
EndProject
Project("{FAE04EC0-301F-11D3-BF4B-00C04F79EFBC}") = "HeadphoneControl.Core.Tests", "tests\HeadphoneControl.Core.Tests\HeadphoneControl.Core.Tests.csproj", "{E0EC69E4-8E8A-4EC0-8A68-7DFD471780B8}"
EndProject
Project("{FAE04EC0-301F-11D3-BF4B-00C04F79EFBC}") = "HeadphoneControl.Platform.Windows.Tests", "tests\HeadphoneControl.Platform.Windows.Tests\HeadphoneControl.Platform.Windows.Tests.csproj", "{DFDADB54-9ADA-4191-B185-26387AED30D7}"
EndProject
Project("{FAE04EC0-301F-11D3-BF4B-00C04F79EFBC}") = "HeadphoneControl.Testing", "tests\HeadphoneControl.Testing\HeadphoneControl.Testing.csproj", "{841A5BE3-12AF-4AC2-A71A-B661D9F38B7F}"
EndProject
Global
	GlobalSection(SolutionConfigurationPlatforms) = preSolution
		Debug|Any CPU = Debug|Any CPU
		Debug|x64 = Debug|x64
		Debug|x86 = Debug|x86
		Release|Any CPU = Release|Any CPU
		Release|x64 = Release|x64
		Release|x86 = Release|x86
	EndGlobalSection
	GlobalSection(ProjectConfigurationPlatforms) = postSolution
		{39865FE5-3083-41BE-97E9-1D75CE5C9F37}.Debug|Any CPU.ActiveCfg = Debug|Any CPU
		{39865FE5-3083-41BE-97E9-1D75CE5C9F37}.Debug|Any CPU.Build.0 = Debug|Any CPU
		{39865FE5-3083-41BE-97E9-1D75CE5C9F37}.Debug|x64.ActiveCfg = Debug|Any CPU
		{39865FE5-3083-41BE-97E9-1D75CE5C9F37}.Debug|x64.Build.0 = Debug|Any CPU
		{39865FE5-3083-41BE-97E9-1D75CE5C9F37}.Debug|x86.ActiveCfg = Debug|Any CPU
		{39865FE5-3083-41BE-97E9-1D75CE5C9F37}.Debug|x86.Build.0 = Debug|Any CPU
		{39865FE5-3083-41BE-97E9-1D75CE5C9F37}.Release|Any CPU.ActiveCfg = Release|Any CPU
		{39865FE5-3083-41BE-97E9-1D75CE5C9F37}.Release|Any CPU.Build.0 = Release|Any CPU
		{39865FE5-3083-41BE-97E9-1D75CE5C9F37}.Release|x64.ActiveCfg = Release|Any CPU
		{39865FE5-3083-41BE-97E9-1D75CE5C9F37}.Release|x64.Build.0 = Release|Any CPU
		{39865FE5-3083-41BE-97E9-1D75CE5C9F37}.Release|x86.ActiveCfg = Release|Any CPU
		{39865FE5-3083-41BE-97E9-1D75CE5C9F37}.Release|x86.Build.0 = Release|Any CPU
		{C23D2A39-14CB-4A1B-B961-312D5E157907}.Debug|Any CPU.ActiveCfg = Debug|Any CPU
		{C23D2A39-14CB-4A1B-B961-312D5E157907}.Debug|Any CPU.Build.0 = Debug|Any CPU
		{C23D2A39-14CB-4A1B-B961-312D5E157907}.Debug|x64.ActiveCfg = Debug|Any CPU
		{C23D2A39-14CB-4A1B-B961-312D5E157907}.Debug|x64.Build.0 = Debug|Any CPU
		{C23D2A39-14CB-4A1B-B961-312D5E157907}.Debug|x86.ActiveCfg = Debug|Any CPU
		{C23D2A39-14CB-4A1B-B961-312D5E157907}.Debug|x86.Build.0 = Debug|Any CPU
		{C23D2A39-14CB-4A1B-B961-312D5E157907}.Release|Any CPU.ActiveCfg = Release|Any CPU
		{C23D2A39-14CB-4A1B-B961-312D5E157907}.Release|Any CPU.Build.0 = Release|Any CPU
		{C23D2A39-14CB-4A1B-B961-312D5E157907}.Release|x64.ActiveCfg = Release|Any CPU
		{C23D2A39-14CB-4A1B-B961-312D5E157907}.Release|x64.Build.0 = Release|Any CPU
		{C23D2A39-14CB-4A1B-B961-312D5E157907}.Release|x86.ActiveCfg = Release|Any CPU
		{C23D2A39-14CB-4A1B-B961-312D5E157907}.Release|x86.Build.0 = Release|Any CPU
		{2D483BC6-E3E9-4020-8041-B5A9A9179613}.Debug|Any CPU.ActiveCfg = Debug|Any CPU
		{2D483BC6-E3E9-4020-8041-B5A9A9179613}.Debug|Any CPU.Build.0 = Debug|Any CPU
		{2D483BC6-E3E9-4020-8041-B5A9A9179613}.Debug|x64.ActiveCfg = Debug|Any CPU
		{2D483BC6-E3E9-4020-8041-B5A9A9179613}.Debug|x64.Build.0 = Debug|Any CPU
		{2D483BC6-E3E9-4020-8041-B5A9A9179613}.Debug|x86.ActiveCfg = Debug|Any CPU
		{2D483BC6-E3E9-4020-8041-B5A9A9179613}.Debug|x86.Build.0 = Debug|Any CPU
		{2D483BC6-E3E9-4020-8041-B5A9A9179613}.Release|Any CPU.ActiveCfg = Release|Any CPU
		{2D483BC6-E3E9-4020-8041-B5A9A9179613}.Release|Any CPU.Build.0 = Release|Any CPU
		{2D483BC6-E3E9-4020-8041-B5A9A9179613}.Release|x64.ActiveCfg = Release|Any CPU
		{2D483BC6-E3E9-4020-8041-B5A9A9179613}.Release|x64.Build.0 = Release|Any CPU
		{2D483BC6-E3E9-4020-8041-B5A9A9179613}.Release|x86.ActiveCfg = Release|Any CPU
		{2D483BC6-E3E9-4020-8041-B5A9A9179613}.Release|x86.Build.0 = Release|Any CPU
		{4BAACAD5-F74B-4A76-AE6E-461407A9727D}.Debug|Any CPU.ActiveCfg = Debug|Any CPU
		{4BAACAD5-F74B-4A76-AE6E-461407A9727D}.Debug|Any CPU.Build.0 = Debug|Any CPU
		{4BAACAD5-F74B-4A76-AE6E-461407A9727D}.Debug|x64.ActiveCfg = Debug|Any CPU
		{4BAACAD5-F74B-4A76-AE6E-461407A9727D}.Debug|x64.Build.0 = Debug|Any CPU
		{4BAACAD5-F74B-4A76-AE6E-461407A9727D}.Debug|x86.ActiveCfg = Debug|Any CPU
		{4BAACAD5-F74B-4A76-AE6E-461407A9727D}.Debug|x86.Build.0 = Debug|Any CPU
		{4BAACAD5-F74B-4A76-AE6E-461407A9727D}.Release|Any CPU.ActiveCfg = Release|Any CPU
		{4BAACAD5-F74B-4A76-AE6E-461407A9727D}.Release|Any CPU.Build.0 = Release|Any CPU
		{4BAACAD5-F74B-4A76-AE6E-461407A9727D}.Release|x64.ActiveCfg = Release|Any CPU
		{4BAACAD5-F74B-4A76-AE6E-461407A9727D}.Release|x64.Build.0 = Release|Any CPU
		{4BAACAD5-F74B-4A76-AE6E-461407A9727D}.Release|x86.ActiveCfg = Release|Any CPU
		{4BAACAD5-F74B-4A76-AE6E-461407A9727D}.Release|x86.Build.0 = Release|Any CPU
		{E0EC69E4-8E8A-4EC0-8A68-7DFD471780B8}.Debug|Any CPU.ActiveCfg = Debug|Any CPU
		{E0EC69E4-8E8A-4EC0-8A68-7DFD471780B8}.Debug|Any CPU.Build.0 = Debug|Any CPU
		{E0EC69E4-8E8A-4EC0-8A68-7DFD471780B8}.Debug|x64.ActiveCfg = Debug|Any CPU
		{E0EC69E4-8E8A-4EC0-8A68-7DFD471780B8}.Debug|x64.Build.0 = Debug|Any CPU
		{E0EC69E4-8E8A-4EC0-8A68-7DFD471780B8}.Debug|x86.ActiveCfg = Debug|Any CPU
		{E0EC69E4-8E8A-4EC0-8A68-7DFD471780B8}.Debug|x86.Build.0 = Debug|Any CPU
		{E0EC69E4-8E8A-4EC0-8A68-7DFD471780B8}.Release|Any CPU.ActiveCfg = Release|Any CPU
		{E0EC69E4-8E8A-4EC0-8A68-7DFD471780B8}.Release|Any CPU.Build.0 = Release|Any CPU
		{E0EC69E4-8E8A-4EC0-8A68-7DFD471780B8}.Release|x64.ActiveCfg = Release|Any CPU
		{E0EC69E4-8E8A-4EC0-8A68-7DFD471780B8}.Release|x64.Build.0 = Release|Any CPU
		{E0EC69E4-8E8A-4EC0-8A68-7DFD471780B8}.Release|x86.ActiveCfg = Release|Any CPU
		{E0EC69E4-8E8A-4EC0-8A68-7DFD471780B8}.Release|x86.Build.0 = Release|Any CPU
		{DFDADB54-9ADA-4191-B185-26387AED30D7}.Debug|Any CPU.ActiveCfg = Debug|Any CPU
		{DFDADB54-9ADA-4191-B185-26387AED30D7}.Debug|Any CPU.Build.0 = Debug|Any CPU
		{DFDADB54-9ADA-4191-B185-26387AED30D7}.Debug|x64.ActiveCfg = Debug|Any CPU
		{DFDADB54-9ADA-4191-B185-26387AED30D7}.Debug|x64.Build.0 = Debug|Any CPU
		{DFDADB54-9ADA-4191-B185-26387AED30D7}.Debug|x86.ActiveCfg = Debug|Any CPU
		{DFDADB54-9ADA-4191-B185-26387AED30D7}.Debug|x86.Build.0 = Debug|Any CPU
		{DFDADB54-9ADA-4191-B185-26387AED30D7}.Release|Any CPU.ActiveCfg = Release|Any CPU
		{DFDADB54-9ADA-4191-B185-26387AED30D7}.Release|Any CPU.Build.0 = Release|Any CPU
		{DFDADB54-9ADA-4191-B185-26387AED30D7}.Release|x64.ActiveCfg = Release|Any CPU
		{DFDADB54-9ADA-4191-B185-26387AED30D7}.Release|x64.Build.0 = Release|Any CPU
		{DFDADB54-9ADA-4191-B185-26387AED30D7}.Release|x86.ActiveCfg = Release|Any CPU
		{DFDADB54-9ADA-4191-B185-26387AED30D7}.Release|x86.Build.0 = Release|Any CPU
		{841A5BE3-12AF-4AC2-A71A-B661D9F38B7F}.Debug|Any CPU.ActiveCfg = Debug|Any CPU
		{841A5BE3-12AF-4AC2-A71A-B661D9F38B7F}.Debug|Any CPU.Build.0 = Debug|Any CPU
		{841A5BE3-12AF-4AC2-A71A-B661D9F38B7F}.Debug|x64.ActiveCfg = Debug|Any CPU
		{841A5BE3-12AF-4AC2-A71A-B661D9F38B7F}.Debug|x64.Build.0 = Debug|Any CPU
		{841A5BE3-12AF-4AC2-A71A-B661D9F38B7F}.Debug|x86.ActiveCfg = Debug|Any CPU
		{841A5BE3-12AF-4AC2-A71A-B661D9F38B7F}.Debug|x86.Build.0 = Debug|Any CPU
		{841A5BE3-12AF-4AC2-A71A-B661D9F38B7F}.Release|Any CPU.ActiveCfg = Release|Any CPU
		{841A5BE3-12AF-4AC2-A71A-B661D9F38B7F}.Release|Any CPU.Build.0 = Release|Any CPU
		{841A5BE3-12AF-4AC2-A71A-B661D9F38B7F}.Release|x64.ActiveCfg = Release|Any CPU
		{841A5BE3-12AF-4AC2-A71A-B661D9F38B7F}.Release|x64.Build.0 = Release|Any CPU
		{841A5BE3-12AF-4AC2-A71A-B661D9F38B7F}.Release|x86.ActiveCfg = Release|Any CPU
		{841A5BE3-12AF-4AC2-A71A-B661D9F38B7F}.Release|x86.Build.0 = Release|Any CPU
	EndGlobalSection
	GlobalSection(SolutionProperties) = preSolution
		HideSolutionNode = FALSE
	EndGlobalSection
	GlobalSection(NestedProjects) = preSolution
		{39865FE5-3083-41BE-97E9-1D75CE5C9F37} = {827E0CD3-B72D-47B6-A68D-7590B98EB39B}
		{C23D2A39-14CB-4A1B-B961-312D5E157907} = {0AB3BF05-4346-4AA6-1389-037BE0695223}
		{2D483BC6-E3E9-4020-8041-B5A9A9179613} = {827E0CD3-B72D-47B6-A68D-7590B98EB39B}
		{4BAACAD5-F74B-4A76-AE6E-461407A9727D} = {827E0CD3-B72D-47B6-A68D-7590B98EB39B}
		{E0EC69E4-8E8A-4EC0-8A68-7DFD471780B8} = {0AB3BF05-4346-4AA6-1389-037BE0695223}
		{DFDADB54-9ADA-4191-B185-26387AED30D7} = {0AB3BF05-4346-4AA6-1389-037BE0695223}
		{841A5BE3-12AF-4AC2-A71A-B661D9F38B7F} = {0AB3BF05-4346-4AA6-1389-037BE0695223}
	EndGlobalSection
EndGlobal
